
Microsoft Visual Studio Solution File, Format Version 12.00
# Visual Studio Version 17
VisualStudioVersion = 17.9.34728.123
MinimumVisualStudioVersion = 10.0.40219.1
Project("{FAE04EC0-301F-11D3-BF4B-00C04F79EFBC}") = "ArtistListView", "ArtistListView\ArtistListView.csproj", "{15639C78-4432-4B95-B7D0-388A18217145}"
EndProject
Global
	GlobalSection(SolutionConfigurationPlatforms) = preSolution
		Debug|Any CPU = Debug|Any CPU
		Release|Any CPU = Release|Any CPU
	EndGlobalSection
	GlobalSection(ProjectConfigurationPlatforms) = postSolution
		{15639C78-4432-4B95-B7D0-388A18217145}.Debug|Any CPU.ActiveCfg = Debug|Any CPU
		{15639C78-4432-4B95-B7D0-388A18217145}.Debug|Any CPU.Build.0 = Debug|Any CPU
		{15639C78-4432-4B95-B7D0-388A18217145}.Release|Any CPU.ActiveCfg = Release|Any CPU
		{15639C78-4432-4B95-B7D0-388A18217145}.Release|Any CPU.Build.0 = Release|Any CPU
	EndGlobalSection
	GlobalSection(SolutionProperties) = preSolution
		HideSolutionNode = FALSE
	EndGlobalSection
	GlobalSection(ExtensibilityGlobals) = postSolution
		SolutionGuid = {89FCE83D-5DB1-4F54-B1DC-E3C0E0D121E7}
	EndGlobalSection
EndGlobal
